<?xml version="1.0" encoding="utf-8"?>
<Project ToolsVersion="4.0" xmlns="http://schemas.microsoft.com/developer/msbuild/2003">
  <ItemGroup>
    <Filter Include="Source Files">
      <UniqueIdentifier>{4FC737F1-C7A5-4376-A066-2A32D752A2FF}</UniqueIdentifier>
      <Extensions>cpp;c;cc;cxx;def;odl;idl;hpj;bat;asm;asmx</Extensions>
    </Filter>
    <Filter Include="Header Files">
      <UniqueIdentifier>{93995380-89BD-4b04-88EB-625FBE52EBFB}</UniqueIdentifier>
      <Extensions>h;hh;hpp;hxx;hm;inl;inc;xsd</Extensions>
    </Filter>
    <Filter Include="Resource Files">
      <UniqueIdentifier>{67DA6AB6-F800-4c08-8B7A-83BB121AAD01}</UniqueIdentifier>
      <Extensions>rc;ico;cur;bmp;dlg;rc2;rct;bin;rgs;gif;jpg;jpeg;jpe;resx;tiff;tif;png;wav;mfcribbon-ms</Extensions>
    </Filter>
    <Filter Include="imgui">
      <UniqueIdentifier>{9e7ba8f8-c781-42ce-b16c-23289d5a228a}</UniqueIdentifier>
    </Filter>
    <Filter Include="Shaders">
      <UniqueIdentifier>{70bc255a-5b19-4475-9d11-3acedd91e814}</UniqueIdentifier>
    </Filter>
    <Filter Include="Header Files\Simulations">
      <UniqueIdentifier>{8027923d-ffe1-482d-924e-1690fbeb9482}</UniqueIdentifier>
    </Filter>
  </ItemGroup>
  <ItemGroup>
    <ClCompile Include="main.cpp">
      <Filter>Source Files</Filter>
    </ClCompile>
    <ClCompile Include="MainEngine.cpp">
      <Filter>Source Files</Filter>
    </ClCompile>
    <ClCompile Include="InputEngine.cpp">
      <Filter>Source Files</Filter>
    </ClCompile>
    <ClCompile Include="imgui.cpp">
      <Filter>imgui</Filter>
    </ClCompile>
    <ClCompile Include="imgui_demo.cpp">
      <Filter>imgui</Filter>
    </ClCompile>
    <ClCompile Include="imgui_draw.cpp">
      <Filter>imgui</Filter>
    </ClCompile>
    <ClCompile Include="imgui_impl_sdl_gl3.cpp">
      <Filter>imgui</Filter>
    </ClCompile>
    <ClCompile Include="InfWell2DEngine.cpp">
      <Filter>Source Files</Filter>
    </ClCompile>
    <ClCompile Include="TestSimulation.cpp">
      <Filter>Source Files</Filter>
    </ClCompile>
    <ClCompile Include="WavePackets2DSim.cpp">
      <Filter>Source Files</Filter>
    </ClCompile>
    <ClCompile Include="HydrogenAtom.cpp">
      <Filter>Source Files</Filter>
    </ClCompile>
  </ItemGroup>
  <ItemGroup>
    <ClInclude Include="Shader.h">
      <Filter>Header Files</Filter>
    </ClInclude>
    <ClInclude Include="MainEngine.h">
      <Filter>Header Files</Filter>
    </ClInclude>
    <ClInclude Include="engines.h">
      <Filter>Header Files</Filter>
    </ClInclude>
    <ClInclude Include="InputEngine.h">
      <Filter>Header Files</Filter>
    </ClInclude>
    <ClInclude Include="imconfig.h">
      <Filter>imgui</Filter>
    </ClInclude>
    <ClInclude Include="imgui.h">
      <Filter>imgui</Filter>
    </ClInclude>
    <ClInclude Include="stb_rect_pack.h">
      <Filter>imgui</Filter>
    </ClInclude>
    <ClInclude Include="stb_textedit.h">
      <Filter>imgui</Filter>
    </ClInclude>
    <ClInclude Include="stb_truetype.h">
      <Filter>imgui</Filter>
    </ClInclude>
    <ClInclude Include="imgui_internal.h">
      <Filter>imgui</Filter>
    </ClInclude>
    <ClInclude Include="imgui_impl_sdl_gl3.h">
      <Filter>imgui</Filter>
    </ClInclude>
    <ClInclude Include="InfWell2DEngine.h">
      <Filter>Header Files\Simulations</Filter>
    </ClInclude>
    <ClInclude Include="RenderEngine.h">
      <Filter>Header Files\Simulations</Filter>
    </ClInclude>
    <ClInclude Include="TestSimulation.h">
      <Filter>Header Files\Simulations</Filter>
    </ClInclude>
    <ClInclude Include="WavePackets2DSim.h">
      <Filter>Header Files\Simulations</Filter>
    </ClInclude>
    <ClInclude Include="HydrogenAtom.h">
      <Filter>Header Files\Simulations</Filter>
    </ClInclude>
  </ItemGroup>
  <ItemGroup>
    <None Include="InfWellShader.vert">
      <Filter>Shaders</Filter>
    </None>
    <None Include="InfWellShader.frag">
      <Filter>Shaders</Filter>
    </None>
    <None Include="WavePackets2D.vert">
      <Filter>Shaders</Filter>
    </None>
    <None Include="WavePackets2D.frag">
      <Filter>Shaders</Filter>
    </None>
    <None Include="HydrogenAtom.vert">
      <Filter>Shaders</Filter>
    </None>
    <None Include="HydrogenAtom.frag">
      <Filter>Shaders</Filter>
    </None>
  </ItemGroup>
</Project>